
Microsoft Visual Studio Solution File, Format Version 12.00
# Visual Studio Version 16
VisualStudioVersion = 16.0.30225.117
MinimumVisualStudioVersion = 10.0.40219.1
Project("{FAE04EC0-301F-11D3-BF4B-00C04F79EFBC}") = "RegionMngDemo", "RegionMngDemo\RegionMngDemo.csproj", "{9008CC35-276B-435E-8CD4-490241DCA745}"
EndProject
Global
	GlobalSection(SolutionConfigurationPlatforms) = preSolution
		Debug|Any CPU = Debug|Any CPU
		Release|Any CPU = Release|Any CPU
	EndGlobalSection
	GlobalSection(ProjectConfigurationPlatforms) = postSolution
		{9008CC35-276B-435E-8CD4-490241DCA745}.Debug|Any CPU.ActiveCfg = Debug|Any CPU
		{9008CC35-276B-435E-8CD4-490241DCA745}.Debug|Any CPU.Build.0 = Debug|Any CPU
		{9008CC35-276B-435E-8CD4-490241DCA745}.Release|Any CPU.ActiveCfg = Release|Any CPU
		{9008CC35-276B-435E-8CD4-490241DCA745}.Release|Any CPU.Build.0 = Release|Any CPU
	EndGlobalSection
	GlobalSection(SolutionProperties) = preSolution
		HideSolutionNode = FALSE
	EndGlobalSection
	GlobalSection(ExtensibilityGlobals) = postSolution
		SolutionGuid = {044C2DA6-9335-477A-9565-CCADA53E3466}
	EndGlobalSection
EndGlobal
